<?xml version="1.0" encoding="utf-8"?>
<Project ToolsVersion="4.0" xmlns="http://schemas.microsoft.com/developer/msbuild/2003">
  <ItemGroup>
    <Filter Include="소스 파일">
      <UniqueIdentifier>{4FC737F1-C7A5-4376-A066-2A32D752A2FF}</UniqueIdentifier>
      <Extensions>cpp;c;cc;cxx;c++;cppm;ixx;def;odl;idl;hpj;bat;asm;asmx</Extensions>
    </Filter>
    <Filter Include="헤더 파일">
      <UniqueIdentifier>{93995380-89BD-4b04-88EB-625FBE52EBFB}</UniqueIdentifier>
      <Extensions>h;hh;hpp;hxx;h++;hm;inl;inc;ipp;xsd</Extensions>
    </Filter>
    <Filter Include="리소스 파일">
      <UniqueIdentifier>{67DA6AB6-F800-4c08-8B7A-83BB121AAD01}</UniqueIdentifier>
      <Extensions>rc;ico;cur;bmp;dlg;rc2;rct;bin;rgs;gif;jpg;jpeg;jpe;resx;tiff;tif;png;wav;mfcribbon-ms</Extensions>
    </Filter>
    <Filter Include="Shaders">
      <UniqueIdentifier>{1fb3c0d4-5042-490c-a205-907c709bdd5f}</UniqueIdentifier>
    </Filter>
    <Filter Include="Game">
      <UniqueIdentifier>{E076D17D-0425-4F3A-83A4-F8F789B88231}</UniqueIdentifier>
    </Filter>
    <Filter Include="Application">
      <UniqueIdentifier>{2DB705DC-64F2-40F8-A2F0-D71D815C1B53}</UniqueIdentifier>
    </Filter>
    <Filter Include="UI">
      <UniqueIdentifier>{F681DCFB-E256-4DA5-B4A4-E0896D01B4D1}</UniqueIdentifier>
    </Filter>
    <Filter Include="Physics">
      <UniqueIdentifier>{50F28761-73AF-44BB-9822-E973D51095E0}</UniqueIdentifier>
    </Filter>
    <Filter Include="Rendering">
      <UniqueIdentifier>{64029306-7FCA-4617-8A93-CC22D60E85CD}</UniqueIdentifier>
    </Filter>
    <Filter Include="Platform">
      <UniqueIdentifier>{10AA3862-0865-476F-83A0-A8A7D83D3608}</UniqueIdentifier>
    </Filter>
    <Filter Include="External">
      <UniqueIdentifier>{59341afa-47f2-442c-a8d4-73dacf9fd5bc}</UniqueIdentifier>
    </Filter>
    <Filter Include="External\ImGui">
      <UniqueIdentifier>{5d5d5e6e-d2a5-4b6e-a231-d636dceb7707}</UniqueIdentifier>
    </Filter>
    <Filter Include="External\WICTextureLoader11">
      <UniqueIdentifier>{3151decb-1449-4202-85df-2f4c83b5d0e2}</UniqueIdentifier>
    </Filter>
    <Filter Include="Particle">
      <UniqueIdentifier>{04a69e1e-67b0-4f40-8144-0e53d6b5020b}</UniqueIdentifier>
    </Filter>
    <Filter Include="Audio">
      <UniqueIdentifier>{7c17f71c-ec45-49c5-9b40-b7dabd95f29a}</UniqueIdentifier>
    </Filter>
  </ItemGroup>
  <ItemGroup>
    <ClCompile Include="src\pch.cpp">
      <Filter>소스 파일</Filter>
    </ClCompile>
    <ClCompile Include="src\main.cpp">
      <Filter>소스 파일</Filter>
    </ClCompile>
    <ClCompile Include="src\Game\FruitCatalog.cpp">
      <Filter>Game</Filter>
    </ClCompile>
    <ClCompile Include="src\Game\GameController.cpp">
      <Filter>Game</Filter>
    </ClCompile>
    <ClCompile Include="src\Game\GameSession.cpp">
      <Filter>Game</Filter>
    </ClCompile>
    <ClCompile Include="src\App\GameApplication.cpp">
      <Filter>Application</Filter>
    </ClCompile>
    <ClCompile Include="src\Physics\CollisionSolver.cpp">
      <Filter>Physics</Filter>
    </ClCompile>
    <ClCompile Include="src\Physics\PhysicsWorld.cpp">
      <Filter>Physics</Filter>
    </ClCompile>
    <ClCompile Include="src\Physics\UBall.cpp">
      <Filter>Physics</Filter>
    </ClCompile>
    <ClCompile Include="src\Platform\Win32Window.cpp">
      <Filter>Platform</Filter>
    </ClCompile>
    <ClCompile Include="src\Rendering\FruitRenderer.cpp">
      <Filter>Rendering</Filter>
    </ClCompile>
    <ClCompile Include="src\UI\GameUI.cpp">
      <Filter>UI</Filter>
    </ClCompile>
    <ClCompile Include="src\External\ImGui\imgui.cpp">
      <Filter>External\ImGui</Filter>
    </ClCompile>
    <ClCompile Include="src\External\ImGui\imgui_demo.cpp">
      <Filter>External\ImGui</Filter>
    </ClCompile>
    <ClCompile Include="src\External\ImGui\imgui_draw.cpp">
      <Filter>External\ImGui</Filter>
    </ClCompile>
    <ClCompile Include="src\External\ImGui\imgui_impl_dx11.cpp">
      <Filter>External\ImGui</Filter>
    </ClCompile>
    <ClCompile Include="src\External\ImGui\imgui_impl_win32.cpp">
      <Filter>External\ImGui</Filter>
    </ClCompile>
    <ClCompile Include="src\External\ImGui\imgui_tables.cpp">
      <Filter>External\ImGui</Filter>
    </ClCompile>
    <ClCompile Include="src\External\ImGui\imgui_widgets.cpp">
      <Filter>External\ImGui</Filter>
    </ClCompile>
    <ClCompile Include="src\External\WICTextureLoader\WICTextureLoader11.cpp">
      <Filter>External\WICTextureLoader11</Filter>
    </ClCompile>
    <ClCompile Include="src\Rendering\Material.cpp">
      <Filter>Rendering</Filter>
    </ClCompile>
    <ClCompile Include="src\Rendering\Mesh.cpp">
      <Filter>Rendering</Filter>
    </ClCompile>
    <ClCompile Include="src\Rendering\RenderPipeline.cpp">
      <Filter>Rendering</Filter>
    </ClCompile>
    <ClCompile Include="src\Rendering\URenderer.cpp">
      <Filter>Rendering</Filter>
    </ClCompile>
    <ClCompile Include="src\Particle\MergeParticleSystem.cpp">
      <Filter>Particle</Filter>
    </ClCompile>
    <ClCompile Include="src\Rendering\ParticleRenderer.cpp">
      <Filter>Rendering</Filter>
    </ClCompile>
    <ClCompile Include="src\Game\Leaderboard.cpp">
      <Filter>소스 파일</Filter>
    </ClCompile>
    <ClCompile Include="src\Rendering\BackgroundRenderer.cpp">
      <Filter>Rendering</Filter>
    </ClCompile>
    <ClCompile Include="src\Game\Leaderboard.cpp">
      <Filter>소스 파일</Filter>
    </ClCompile>
    <ClCompile Include="src\Audio\Audio.cpp">
      <Filter>Audio</Filter>
    </ClCompile>
  </ItemGroup>
  <ItemGroup>
    <ClInclude Include="src\pch.h">
      <Filter>헤더 파일</Filter>
    </ClInclude>
    <ClInclude Include="src\FVector.h">
      <Filter>헤더 파일</Filter>
    </ClInclude>
    <ClInclude Include="src\Game\FruitCatalog.h">
      <Filter>Game</Filter>
    </ClInclude>
    <ClInclude Include="src\Game\GameConfig.h">
      <Filter>Game</Filter>
    </ClInclude>
    <ClInclude Include="src\Game\GameController.h">
      <Filter>Game</Filter>
    </ClInclude>
    <ClInclude Include="src\Game\GameInput.h">
      <Filter>Game</Filter>
    </ClInclude>
    <ClInclude Include="src\Game\GameSession.h">
      <Filter>Game</Filter>
    </ClInclude>
    <ClInclude Include="src\App\GameApplication.h">
      <Filter>Application</Filter>
    </ClInclude>
    <ClInclude Include="src\Physics\CollisionSolver.h">
      <Filter>Physics</Filter>
    </ClInclude>
    <ClInclude Include="src\Physics\PhysicsWorld.h">
      <Filter>Physics</Filter>
    </ClInclude>
    <ClInclude Include="src\Physics\UBall.h">
      <Filter>Physics</Filter>
    </ClInclude>
    <ClInclude Include="src\Platform\Win32Window.h">
      <Filter>Platform</Filter>
    </ClInclude>
    <ClInclude Include="src\Rendering\FruitRenderer.h">
      <Filter>Rendering</Filter>
    </ClInclude>
    <ClInclude Include="src\UI\GameUI.h">
      <Filter>UI</Filter>
    </ClInclude>
    <ClInclude Include="src\External\ImGui\imconfig.h">
      <Filter>External\ImGui</Filter>
    </ClInclude>
    <ClInclude Include="src\External\ImGui\imgui.h">
      <Filter>External\ImGui</Filter>
    </ClInclude>
    <ClInclude Include="src\External\ImGui\imgui_impl_dx11.h">
      <Filter>External\ImGui</Filter>
    </ClInclude>
    <ClInclude Include="src\External\ImGui\imgui_impl_win32.h">
      <Filter>External\ImGui</Filter>
    </ClInclude>
    <ClInclude Include="src\External\ImGui\imgui_internal.h">
      <Filter>External\ImGui</Filter>
    </ClInclude>
    <ClInclude Include="src\External\ImGui\imstb_rectpack.h">
      <Filter>External\ImGui</Filter>
    </ClInclude>
    <ClInclude Include="src\External\ImGui\imstb_textedit.h">
      <Filter>External\ImGui</Filter>
    </ClInclude>
    <ClInclude Include="src\External\ImGui\imstb_truetype.h">
      <Filter>External\ImGui</Filter>
    </ClInclude>
    <ClInclude Include="src\External\WICTextureLoader\WICTextureLoader11.h">
      <Filter>External\WICTextureLoader11</Filter>
    </ClInclude>
    <ClInclude Include="src\Rendering\Material.h">
      <Filter>Rendering</Filter>
    </ClInclude>
    <ClInclude Include="src\Rendering\Mesh.h">
      <Filter>Rendering</Filter>
    </ClInclude>
    <ClInclude Include="src\Rendering\RenderPipeline.h">
      <Filter>Rendering</Filter>
    </ClInclude>
    <ClInclude Include="src\Rendering\SpriteVertex.h">
      <Filter>Rendering</Filter>
    </ClInclude>
    <ClInclude Include="src\Rendering\URenderer.h">
      <Filter>Rendering</Filter>
    </ClInclude>
    <ClInclude Include="src\Particle\FMergeParticle.h">
      <Filter>Particle</Filter>
    </ClInclude>
    <ClInclude Include="src\Particle\MergeParticleSystem.h">
      <Filter>Particle</Filter>
    </ClInclude>
    <ClInclude Include="src\Rendering\ParticleRenderer.h">
      <Filter>Rendering</Filter>
    </ClInclude>
    <ClInclude Include="shaders\SplashShader.hlsl">
      <Filter>Shaders</Filter>
    </ClInclude>
    <ClInclude Include="src\Game\Leaderboard.h">
      <Filter>헤더 파일</Filter>
    </ClInclude>
    <ClInclude Include="src\Rendering\BackgroundRenderer.h">
      <Filter>Rendering</Filter>
    </ClInclude>
    <ClInclude Include="src\Game\Leaderboard.h">
      <Filter>헤더 파일</Filter>
    </ClInclude>
    <ClInclude Include="src\Audio\Audio.h">
      <Filter>Audio</Filter>
    </ClInclude>
  </ItemGroup>
  <ItemGroup>
    <FxCompile Include="shaders\FruitShader.hlsl">
      <Filter>Shaders</Filter>
    </FxCompile>
    <FxCompile Include="shaders\DropletShader.hlsl">
      <Filter>Shaders</Filter>
    </FxCompile>
    <FxCompile Include="shaders\BackgroundShader.hlsl">
      <Filter>Shaders</Filter>
    </FxCompile>
  </ItemGroup>
</Project>